
Microsoft Visual Studio Solution File, Format Version 12.00
# Visual Studio Version 16
VisualStudioVersion = 16.0.30204.135
MinimumVisualStudioVersion = 10.0.40219.1
Project("{FAE04EC0-301F-11D3-BF4B-00C04F79EFBC}") = "StoreApplication.App", "StoreApplication.App\StoreApplication.App.csproj", "{F2A0C0CD-5BDB-43D5-8389-197B5B0FFFB2}"
EndProject
Project("{FAE04EC0-301F-11D3-BF4B-00C04F79EFBC}") = "StoreApplication.Library", "StoreApplication.Library\StoreApplication.Library.csproj", "{A80BF83B-B49C-4C8F-8D39-329ADF92120B}"
EndProject
Global
	GlobalSection(SolutionConfigurationPlatforms) = preSolution
		Debug|Any CPU = Debug|Any CPU
		Release|Any CPU = Release|Any CPU
	EndGlobalSection
	GlobalSection(ProjectConfigurationPlatforms) = postSolution
		{F2A0C0CD-5BDB-43D5-8389-197B5B0FFFB2}.Debug|Any CPU.ActiveCfg = Debug|Any CPU
		{F2A0C0CD-5BDB-43D5-8389-197B5B0FFFB2}.Debug|Any CPU.Build.0 = Debug|Any CPU
		{F2A0C0CD-5BDB-43D5-8389-197B5B0FFFB2}.Release|Any CPU.ActiveCfg = Release|Any CPU
		{F2A0C0CD-5BDB-43D5-8389-197B5B0FFFB2}.Release|Any CPU.Build.0 = Release|Any CPU
		{A80BF83B-B49C-4C8F-8D39-329ADF92120B}.Debug|Any CPU.ActiveCfg = Debug|Any CPU
		{A80BF83B-B49C-4C8F-8D39-329ADF92120B}.Debug|Any CPU.Build.0 = Debug|Any CPU
		{A80BF83B-B49C-4C8F-8D39-329ADF92120B}.Release|Any CPU.ActiveCfg = Release|Any CPU
		{A80BF83B-B49C-4C8F-8D39-329ADF92120B}.Release|Any CPU.Build.0 = Release|Any CPU
	EndGlobalSection
	GlobalSection(SolutionProperties) = preSolution
		HideSolutionNode = FALSE
	EndGlobalSection
	GlobalSection(ExtensibilityGlobals) = postSolution
		SolutionGuid = {F67EC96D-3F5B-42AC-B87B-B832D96DBB96}
	EndGlobalSection
EndGlobal
